
Microsoft Visual Studio Solution File, Format Version 12.00
# Visual Studio 2012
Project("{FAE04EC0-301F-11D3-BF4B-00C04F79EFBC}") = "SACG_APP", "SACG\SACG_APP.csproj", "{F478BB98-FEAA-4867-977B-472E01BCF679}"
EndProject
Project("{FAE04EC0-301F-11D3-BF4B-00C04F79EFBC}") = "SACG_BLL", "SACGBLL\SACG_BLL.csproj", "{83AE5D44-F1BB-409E-81AE-B29ACFAE3776}"
EndProject
Project("{FAE04EC0-301F-11D3-BF4B-00C04F79EFBC}") = "SACG_DAL", "SACG_DAL\SACG_DAL.csproj", "{F8CB50F0-1623-4BAF-AD8D-71D421BD0C0A}"
EndProject
Project("{FAE04EC0-301F-11D3-BF4B-00C04F79EFBC}") = "SACG_Mappers", "SACG_Mappers\SACG_Mappers.csproj", "{D887C19F-D002-4FB8-8996-DBF62B38D89E}"
EndProject
Project("{FAE04EC0-301F-11D3-BF4B-00C04F79EFBC}") = "SACG_Repositorios", "SACG_Repositorios\SACG_Repositorios.csproj", "{7DCFCD95-7B36-4CC6-9880-B494074AA636}"
EndProject
Global
	GlobalSection(SolutionConfigurationPlatforms) = preSolution
		Debug|Any CPU = Debug|Any CPU
		Release|Any CPU = Release|Any CPU
	EndGlobalSection
	GlobalSection(ProjectConfigurationPlatforms) = postSolution
		{F478BB98-FEAA-4867-977B-472E01BCF679}.Debug|Any CPU.ActiveCfg = Debug|Any CPU
		{F478BB98-FEAA-4867-977B-472E01BCF679}.Debug|Any CPU.Build.0 = Debug|Any CPU
		{F478BB98-FEAA-4867-977B-472E01BCF679}.Release|Any CPU.ActiveCfg = Release|Any CPU
		{F478BB98-FEAA-4867-977B-472E01BCF679}.Release|Any CPU.Build.0 = Release|Any CPU
		{83AE5D44-F1BB-409E-81AE-B29ACFAE3776}.Debug|Any CPU.ActiveCfg = Debug|Any CPU
		{83AE5D44-F1BB-409E-81AE-B29ACFAE3776}.Debug|Any CPU.Build.0 = Debug|Any CPU
		{83AE5D44-F1BB-409E-81AE-B29ACFAE3776}.Release|Any CPU.ActiveCfg = Release|Any CPU
		{83AE5D44-F1BB-409E-81AE-B29ACFAE3776}.Release|Any CPU.Build.0 = Release|Any CPU
		{F8CB50F0-1623-4BAF-AD8D-71D421BD0C0A}.Debug|Any CPU.ActiveCfg = Debug|Any CPU
		{F8CB50F0-1623-4BAF-AD8D-71D421BD0C0A}.Debug|Any CPU.Build.0 = Debug|Any CPU
		{F8CB50F0-1623-4BAF-AD8D-71D421BD0C0A}.Release|Any CPU.ActiveCfg = Release|Any CPU
		{F8CB50F0-1623-4BAF-AD8D-71D421BD0C0A}.Release|Any CPU.Build.0 = Release|Any CPU
		{D887C19F-D002-4FB8-8996-DBF62B38D89E}.Debug|Any CPU.ActiveCfg = Debug|Any CPU
		{D887C19F-D002-4FB8-8996-DBF62B38D89E}.Debug|Any CPU.Build.0 = Debug|Any CPU
		{D887C19F-D002-4FB8-8996-DBF62B38D89E}.Release|Any CPU.ActiveCfg = Release|Any CPU
		{D887C19F-D002-4FB8-8996-DBF62B38D89E}.Release|Any CPU.Build.0 = Release|Any CPU
		{7DCFCD95-7B36-4CC6-9880-B494074AA636}.Debug|Any CPU.ActiveCfg = Debug|Any CPU
		{7DCFCD95-7B36-4CC6-9880-B494074AA636}.Debug|Any CPU.Build.0 = Debug|Any CPU
		{7DCFCD95-7B36-4CC6-9880-B494074AA636}.Release|Any CPU.ActiveCfg = Release|Any CPU
		{7DCFCD95-7B36-4CC6-9880-B494074AA636}.Release|Any CPU.Build.0 = Release|Any CPU
	EndGlobalSection
	GlobalSection(SolutionProperties) = preSolution
		HideSolutionNode = FALSE
	EndGlobalSection
EndGlobal
